
Microsoft Visual Studio Solution File, Format Version 12.00
# Visual Studio 15
VisualStudioVersion = 15.0.26014.0
MinimumVisualStudioVersion = 10.0.40219.1
Project("{FAE04EC0-301F-11D3-BF4B-00C04F79EFBC}") = "Fuzzy", "Fuzzy\Fuzzy.csproj", "{273EAC5C-AC9F-40C5-85DA-A6F01F5354A3}"
EndProject
Project("{FAE04EC0-301F-11D3-BF4B-00C04F79EFBC}") = "FuzzyTest", "FuzzyTest\FuzzyTest.csproj", "{5958AF50-E549-4CF8-97C5-0C744AA77C59}"
EndProject
Project("{FAE04EC0-301F-11D3-BF4B-00C04F79EFBC}") = "FuzzyShipControlSystem", "FuzzyShipControlSystem\FuzzyShipControlSystem.csproj", "{84223129-5CD5-45E0-ABB9-FCE4108055EF}"
EndProject
Project("{FAE04EC0-301F-11D3-BF4B-00C04F79EFBC}") = "EvoAlg", "EvoAlg\EvoAlg.csproj", "{F5D378ED-9617-4778-A9CE-B3B5B411DF41}"
EndProject
Project("{FAE04EC0-301F-11D3-BF4B-00C04F79EFBC}") = "EvoAlgApr", "AprEvoAlg\EvoAlgApr.csproj", "{75913FA5-C7E3-4C2B-AD05-4E70EC39210A}"
EndProject
Project("{FAE04EC0-301F-11D3-BF4B-00C04F79EFBC}") = "NeuralNetworks", "NeuralNetworks\NeuralNetworks.csproj", "{35BCD5F4-BD6A-4340-9434-F957E16438C3}"
EndProject
Project("{F184B08F-C81C-45F6-A57F-5ABD9991F28F}") = "NeuralNetworksGestureDemo", "NeuralNetworksGestureDemo\NeuralNetworksGestureDemo.vbproj", "{6D7AB97E-E1E6-4DBE-B1D9-A91B79B5A57A}"
EndProject
Project("{FAE04EC0-301F-11D3-BF4B-00C04F79EFBC}") = "ComputationalGraphs", "ComputationalGraphs\ComputationalGraphs.csproj", "{1945DAA8-F9A9-4478-A420-E0C848E6BD16}"
EndProject
Project("{2150E333-8FDC-42A3-9474-1A3956D46DE8}") = "FuzzySystems", "FuzzySystems", "{8ACBE69C-1380-41D7-8A84-988D36AB6A16}"
EndProject
Project("{2150E333-8FDC-42A3-9474-1A3956D46DE8}") = "Evo", "Evo", "{4E2FE9DD-025D-44EC-B2BD-1B64B1A57CDB}"
EndProject
Project("{FAE04EC0-301F-11D3-BF4B-00C04F79EFBC}") = "LinAlg", "linalg\LinAlg.csproj", "{640429C4-FEAE-499D-9445-E96D1EF66082}"
EndProject
Project("{FAE04EC0-301F-11D3-BF4B-00C04F79EFBC}") = "NeuralNetworkDemo", "NeuralNetworkDemo\NeuralNetworkDemo.csproj", "{4A6D4FDD-5EDC-44F6-BFD4-40089E94E0D3}"
EndProject
Project("{F184B08F-C81C-45F6-A57F-5ABD9991F28F}") = "NeuroFuzzy", "ANFIS\NeuroFuzzy.vbproj", "{2C362EF4-4F2F-43F0-B65F-FAF1B0F168C7}"
EndProject
Project("{2150E333-8FDC-42A3-9474-1A3956D46DE8}") = "Numerics", "Numerics", "{35036A4A-DCA0-4824-839B-6D1C21DABFC9}"
EndProject
Project("{2150E333-8FDC-42A3-9474-1A3956D46DE8}") = "Neuro", "Neuro", "{1D0023D2-A1D5-4877-9209-962AC8FBC96A}"
EndProject
Project("{FAE04EC0-301F-11D3-BF4B-00C04F79EFBC}") = "NeuroEvo", "NeuroEvo\NeuroEvo.csproj", "{DD5E0197-57E1-4923-8B31-B14267CE09F2}"
EndProject
Global
	GlobalSection(SolutionConfigurationPlatforms) = preSolution
		Debug|Any CPU = Debug|Any CPU
		Release|Any CPU = Release|Any CPU
	EndGlobalSection
	GlobalSection(ProjectConfigurationPlatforms) = postSolution
		{273EAC5C-AC9F-40C5-85DA-A6F01F5354A3}.Debug|Any CPU.ActiveCfg = Debug|Any CPU
		{273EAC5C-AC9F-40C5-85DA-A6F01F5354A3}.Debug|Any CPU.Build.0 = Debug|Any CPU
		{273EAC5C-AC9F-40C5-85DA-A6F01F5354A3}.Release|Any CPU.ActiveCfg = Release|Any CPU
		{273EAC5C-AC9F-40C5-85DA-A6F01F5354A3}.Release|Any CPU.Build.0 = Release|Any CPU
		{5958AF50-E549-4CF8-97C5-0C744AA77C59}.Debug|Any CPU.ActiveCfg = Debug|Any CPU
		{5958AF50-E549-4CF8-97C5-0C744AA77C59}.Debug|Any CPU.Build.0 = Debug|Any CPU
		{5958AF50-E549-4CF8-97C5-0C744AA77C59}.Release|Any CPU.ActiveCfg = Release|Any CPU
		{5958AF50-E549-4CF8-97C5-0C744AA77C59}.Release|Any CPU.Build.0 = Release|Any CPU
		{84223129-5CD5-45E0-ABB9-FCE4108055EF}.Debug|Any CPU.ActiveCfg = Debug|Any CPU
		{84223129-5CD5-45E0-ABB9-FCE4108055EF}.Debug|Any CPU.Build.0 = Debug|Any CPU
		{84223129-5CD5-45E0-ABB9-FCE4108055EF}.Release|Any CPU.ActiveCfg = Release|Any CPU
		{84223129-5CD5-45E0-ABB9-FCE4108055EF}.Release|Any CPU.Build.0 = Release|Any CPU
		{F5D378ED-9617-4778-A9CE-B3B5B411DF41}.Debug|Any CPU.ActiveCfg = Debug|Any CPU
		{F5D378ED-9617-4778-A9CE-B3B5B411DF41}.Debug|Any CPU.Build.0 = Debug|Any CPU
		{F5D378ED-9617-4778-A9CE-B3B5B411DF41}.Release|Any CPU.ActiveCfg = Release|Any CPU
		{F5D378ED-9617-4778-A9CE-B3B5B411DF41}.Release|Any CPU.Build.0 = Release|Any CPU
		{75913FA5-C7E3-4C2B-AD05-4E70EC39210A}.Debug|Any CPU.ActiveCfg = Debug|Any CPU
		{75913FA5-C7E3-4C2B-AD05-4E70EC39210A}.Debug|Any CPU.Build.0 = Debug|Any CPU
		{75913FA5-C7E3-4C2B-AD05-4E70EC39210A}.Release|Any CPU.ActiveCfg = Release|Any CPU
		{75913FA5-C7E3-4C2B-AD05-4E70EC39210A}.Release|Any CPU.Build.0 = Release|Any CPU
		{35BCD5F4-BD6A-4340-9434-F957E16438C3}.Debug|Any CPU.ActiveCfg = Debug|Any CPU
		{35BCD5F4-BD6A-4340-9434-F957E16438C3}.Debug|Any CPU.Build.0 = Debug|Any CPU
		{35BCD5F4-BD6A-4340-9434-F957E16438C3}.Release|Any CPU.ActiveCfg = Release|Any CPU
		{35BCD5F4-BD6A-4340-9434-F957E16438C3}.Release|Any CPU.Build.0 = Release|Any CPU
		{6D7AB97E-E1E6-4DBE-B1D9-A91B79B5A57A}.Debug|Any CPU.ActiveCfg = Debug|Any CPU
		{6D7AB97E-E1E6-4DBE-B1D9-A91B79B5A57A}.Debug|Any CPU.Build.0 = Debug|Any CPU
		{6D7AB97E-E1E6-4DBE-B1D9-A91B79B5A57A}.Release|Any CPU.ActiveCfg = Release|Any CPU
		{6D7AB97E-E1E6-4DBE-B1D9-A91B79B5A57A}.Release|Any CPU.Build.0 = Release|Any CPU
		{1945DAA8-F9A9-4478-A420-E0C848E6BD16}.Debug|Any CPU.ActiveCfg = Debug|Any CPU
		{1945DAA8-F9A9-4478-A420-E0C848E6BD16}.Debug|Any CPU.Build.0 = Debug|Any CPU
		{1945DAA8-F9A9-4478-A420-E0C848E6BD16}.Release|Any CPU.ActiveCfg = Release|Any CPU
		{1945DAA8-F9A9-4478-A420-E0C848E6BD16}.Release|Any CPU.Build.0 = Release|Any CPU
		{640429C4-FEAE-499D-9445-E96D1EF66082}.Debug|Any CPU.ActiveCfg = Debug|Any CPU
		{640429C4-FEAE-499D-9445-E96D1EF66082}.Debug|Any CPU.Build.0 = Debug|Any CPU
		{640429C4-FEAE-499D-9445-E96D1EF66082}.Release|Any CPU.ActiveCfg = Release|Any CPU
		{640429C4-FEAE-499D-9445-E96D1EF66082}.Release|Any CPU.Build.0 = Release|Any CPU
		{4A6D4FDD-5EDC-44F6-BFD4-40089E94E0D3}.Debug|Any CPU.ActiveCfg = Debug|Any CPU
		{4A6D4FDD-5EDC-44F6-BFD4-40089E94E0D3}.Debug|Any CPU.Build.0 = Debug|Any CPU
		{4A6D4FDD-5EDC-44F6-BFD4-40089E94E0D3}.Release|Any CPU.ActiveCfg = Release|Any CPU
		{4A6D4FDD-5EDC-44F6-BFD4-40089E94E0D3}.Release|Any CPU.Build.0 = Release|Any CPU
		{2C362EF4-4F2F-43F0-B65F-FAF1B0F168C7}.Debug|Any CPU.ActiveCfg = Debug|Any CPU
		{2C362EF4-4F2F-43F0-B65F-FAF1B0F168C7}.Debug|Any CPU.Build.0 = Debug|Any CPU
		{2C362EF4-4F2F-43F0-B65F-FAF1B0F168C7}.Release|Any CPU.ActiveCfg = Release|Any CPU
		{2C362EF4-4F2F-43F0-B65F-FAF1B0F168C7}.Release|Any CPU.Build.0 = Release|Any CPU
		{DD5E0197-57E1-4923-8B31-B14267CE09F2}.Debug|Any CPU.ActiveCfg = Debug|Any CPU
		{DD5E0197-57E1-4923-8B31-B14267CE09F2}.Debug|Any CPU.Build.0 = Debug|Any CPU
		{DD5E0197-57E1-4923-8B31-B14267CE09F2}.Release|Any CPU.ActiveCfg = Release|Any CPU
		{DD5E0197-57E1-4923-8B31-B14267CE09F2}.Release|Any CPU.Build.0 = Release|Any CPU
	EndGlobalSection
	GlobalSection(SolutionProperties) = preSolution
		HideSolutionNode = FALSE
	EndGlobalSection
	GlobalSection(NestedProjects) = preSolution
		{273EAC5C-AC9F-40C5-85DA-A6F01F5354A3} = {8ACBE69C-1380-41D7-8A84-988D36AB6A16}
		{5958AF50-E549-4CF8-97C5-0C744AA77C59} = {8ACBE69C-1380-41D7-8A84-988D36AB6A16}
		{84223129-5CD5-45E0-ABB9-FCE4108055EF} = {8ACBE69C-1380-41D7-8A84-988D36AB6A16}
		{F5D378ED-9617-4778-A9CE-B3B5B411DF41} = {4E2FE9DD-025D-44EC-B2BD-1B64B1A57CDB}
		{75913FA5-C7E3-4C2B-AD05-4E70EC39210A} = {4E2FE9DD-025D-44EC-B2BD-1B64B1A57CDB}
		{35BCD5F4-BD6A-4340-9434-F957E16438C3} = {1D0023D2-A1D5-4877-9209-962AC8FBC96A}
		{6D7AB97E-E1E6-4DBE-B1D9-A91B79B5A57A} = {1D0023D2-A1D5-4877-9209-962AC8FBC96A}
		{1945DAA8-F9A9-4478-A420-E0C848E6BD16} = {1D0023D2-A1D5-4877-9209-962AC8FBC96A}
		{640429C4-FEAE-499D-9445-E96D1EF66082} = {35036A4A-DCA0-4824-839B-6D1C21DABFC9}
		{4A6D4FDD-5EDC-44F6-BFD4-40089E94E0D3} = {1D0023D2-A1D5-4877-9209-962AC8FBC96A}
		{2C362EF4-4F2F-43F0-B65F-FAF1B0F168C7} = {1D0023D2-A1D5-4877-9209-962AC8FBC96A}
		{DD5E0197-57E1-4923-8B31-B14267CE09F2} = {1D0023D2-A1D5-4877-9209-962AC8FBC96A}
	EndGlobalSection
EndGlobal
