
Microsoft Visual Studio Solution File, Format Version 12.00
# Visual Studio 15
VisualStudioVersion = 15.0.26430.14
MinimumVisualStudioVersion = 10.0.40219.1
Project("{F184B08F-C81C-45F6-A57F-5ABD9991F28F}") = "NeuralNetworksGestureDemo", "Examples\NeuralNetworksGestureDemo\NeuralNetworksGestureDemo.vbproj", "{6D7AB97E-E1E6-4DBE-B1D9-A91B79B5A57A}"
EndProject
Project("{FAE04EC0-301F-11D3-BF4B-00C04F79EFBC}") = "ComputationalGraphs", "ComputationalGraphs\ComputationalGraphs.csproj", "{1945DAA8-F9A9-4478-A420-E0C848E6BD16}"
EndProject
Project("{FAE04EC0-301F-11D3-BF4B-00C04F79EFBC}") = "LinAlg", "linalg\LinAlg.csproj", "{640429C4-FEAE-499D-9445-E96D1EF66082}"
EndProject
Project("{FAE04EC0-301F-11D3-BF4B-00C04F79EFBC}") = "NeuralNetworkDemo", "Examples\NeuralNetworkDemo\NeuralNetworkDemo.csproj", "{4A6D4FDD-5EDC-44F6-BFD4-40089E94E0D3}"
EndProject
Project("{F184B08F-C81C-45F6-A57F-5ABD9991F28F}") = "NeuroFuzzy", "Examples\ANFIS\NeuroFuzzy.vbproj", "{2C362EF4-4F2F-43F0-B65F-FAF1B0F168C7}"
EndProject
Project("{2150E333-8FDC-42A3-9474-1A3956D46DE8}") = "Numerics", "Numerics", "{35036A4A-DCA0-4824-839B-6D1C21DABFC9}"
EndProject
Project("{2150E333-8FDC-42A3-9474-1A3956D46DE8}") = "Examples", "Examples", "{1D0023D2-A1D5-4877-9209-962AC8FBC96A}"
EndProject
Project("{FAE04EC0-301F-11D3-BF4B-00C04F79EFBC}") = "NeuroEvo", "Examples\NeuroEvo\NeuroEvo.csproj", "{DD5E0197-57E1-4923-8B31-B14267CE09F2}"
EndProject
Global
	GlobalSection(SolutionConfigurationPlatforms) = preSolution
		Debug|Any CPU = Debug|Any CPU
		Release|Any CPU = Release|Any CPU
	EndGlobalSection
	GlobalSection(ProjectConfigurationPlatforms) = postSolution
		{6D7AB97E-E1E6-4DBE-B1D9-A91B79B5A57A}.Debug|Any CPU.ActiveCfg = Debug|Any CPU
		{6D7AB97E-E1E6-4DBE-B1D9-A91B79B5A57A}.Debug|Any CPU.Build.0 = Debug|Any CPU
		{6D7AB97E-E1E6-4DBE-B1D9-A91B79B5A57A}.Release|Any CPU.ActiveCfg = Release|Any CPU
		{6D7AB97E-E1E6-4DBE-B1D9-A91B79B5A57A}.Release|Any CPU.Build.0 = Release|Any CPU
		{1945DAA8-F9A9-4478-A420-E0C848E6BD16}.Debug|Any CPU.ActiveCfg = Debug|Any CPU
		{1945DAA8-F9A9-4478-A420-E0C848E6BD16}.Debug|Any CPU.Build.0 = Debug|Any CPU
		{1945DAA8-F9A9-4478-A420-E0C848E6BD16}.Release|Any CPU.ActiveCfg = Release|Any CPU
		{1945DAA8-F9A9-4478-A420-E0C848E6BD16}.Release|Any CPU.Build.0 = Release|Any CPU
		{640429C4-FEAE-499D-9445-E96D1EF66082}.Debug|Any CPU.ActiveCfg = Debug|Any CPU
		{640429C4-FEAE-499D-9445-E96D1EF66082}.Debug|Any CPU.Build.0 = Debug|Any CPU
		{640429C4-FEAE-499D-9445-E96D1EF66082}.Release|Any CPU.ActiveCfg = Release|Any CPU
		{640429C4-FEAE-499D-9445-E96D1EF66082}.Release|Any CPU.Build.0 = Release|Any CPU
		{4A6D4FDD-5EDC-44F6-BFD4-40089E94E0D3}.Debug|Any CPU.ActiveCfg = Debug|Any CPU
		{4A6D4FDD-5EDC-44F6-BFD4-40089E94E0D3}.Debug|Any CPU.Build.0 = Debug|Any CPU
		{4A6D4FDD-5EDC-44F6-BFD4-40089E94E0D3}.Release|Any CPU.ActiveCfg = Release|Any CPU
		{4A6D4FDD-5EDC-44F6-BFD4-40089E94E0D3}.Release|Any CPU.Build.0 = Release|Any CPU
		{2C362EF4-4F2F-43F0-B65F-FAF1B0F168C7}.Debug|Any CPU.ActiveCfg = Debug|Any CPU
		{2C362EF4-4F2F-43F0-B65F-FAF1B0F168C7}.Debug|Any CPU.Build.0 = Debug|Any CPU
		{2C362EF4-4F2F-43F0-B65F-FAF1B0F168C7}.Release|Any CPU.ActiveCfg = Release|Any CPU
		{2C362EF4-4F2F-43F0-B65F-FAF1B0F168C7}.Release|Any CPU.Build.0 = Release|Any CPU
		{DD5E0197-57E1-4923-8B31-B14267CE09F2}.Debug|Any CPU.ActiveCfg = Debug|Any CPU
		{DD5E0197-57E1-4923-8B31-B14267CE09F2}.Debug|Any CPU.Build.0 = Debug|Any CPU
		{DD5E0197-57E1-4923-8B31-B14267CE09F2}.Release|Any CPU.ActiveCfg = Release|Any CPU
		{DD5E0197-57E1-4923-8B31-B14267CE09F2}.Release|Any CPU.Build.0 = Release|Any CPU
	EndGlobalSection
	GlobalSection(SolutionProperties) = preSolution
		HideSolutionNode = FALSE
	EndGlobalSection
	GlobalSection(NestedProjects) = preSolution
		{6D7AB97E-E1E6-4DBE-B1D9-A91B79B5A57A} = {1D0023D2-A1D5-4877-9209-962AC8FBC96A}
		{640429C4-FEAE-499D-9445-E96D1EF66082} = {35036A4A-DCA0-4824-839B-6D1C21DABFC9}
		{4A6D4FDD-5EDC-44F6-BFD4-40089E94E0D3} = {1D0023D2-A1D5-4877-9209-962AC8FBC96A}
		{2C362EF4-4F2F-43F0-B65F-FAF1B0F168C7} = {1D0023D2-A1D5-4877-9209-962AC8FBC96A}
		{DD5E0197-57E1-4923-8B31-B14267CE09F2} = {1D0023D2-A1D5-4877-9209-962AC8FBC96A}
	EndGlobalSection
EndGlobal
